[[package]]
name = "complex_geo"
version = "0.1.0"
dependencies = [
 "float-cmp 0.4.0 (registry+https://github.com/rust-lang/crates.io-index)",
]

[[package]]
name = "float-cmp"
version = "0.4.0"
source = "registry+https://github.com/rust-lang/crates.io-index"
dependencies = [
 "num-traits 0.2.5 (registry+https://github.com/rust-lang/crates.io-index)",
]

[[package]]
name = "num-traits"
version = "0.2.5"
source = "registry+https://github.com/rust-lang/crates.io-index"

[metadata]
"checksum float-cmp 0.4.0 (registry+https://github.com/rust-lang/crates.io-index)" = "134a8fa843d80a51a5b77d36d42bc2def9edcb0262c914861d08129fd1926600"
"checksum num-traits 0.2.5 (registry+https://github.com/rust-lang/crates.io-index)" = "630de1ef5cc79d0cdd78b7e33b81f083cbfe90de0f4b2b2f07f905867c70e9fe"
